
Microsoft Visual Studio Solution File, Format Version 12.00
Project("{FAE04EC0-301F-11D3-BF4B-00C04F79EFBC}") = "april25", "april25.csproj", "{FFA72D0C-A427-4365-81C8-EFC7B01B2390}"
EndProject
Global
	GlobalSection(SolutionConfigurationPlatforms) = preSolution
		Debug|Any CPU = Debug|Any CPU
		Release|Any CPU = Release|Any CPU
	EndGlobalSection
	GlobalSection(ProjectConfigurationPlatforms) = postSolution
		{FFA72D0C-A427-4365-81C8-EFC7B01B2390}.Debug|Any CPU.ActiveCfg = Debug|Any CPU
		{FFA72D0C-A427-4365-81C8-EFC7B01B2390}.Debug|Any CPU.Build.0 = Debug|Any CPU
		{FFA72D0C-A427-4365-81C8-EFC7B01B2390}.Release|Any CPU.ActiveCfg = Release|Any CPU
		{FFA72D0C-A427-4365-81C8-EFC7B01B2390}.Release|Any CPU.Build.0 = Release|Any CPU
	EndGlobalSection
EndGlobal
